
Microsoft Visual Studio Solution File, Format Version 12.00
# Visual Studio Version 17
VisualStudioVersion = 17.3.32825.248
MinimumVisualStudioVersion = 10.0.40219.1
Project("{FAE04EC0-301F-11D3-BF4B-00C04F79EFBC}") = "hangman2", "hangman2.csproj", "{500F53ED-439E-4A84-B58B-13BCB49F5DB3}"
EndProject
Global
	GlobalSection(SolutionConfigurationPlatforms) = preSolution
		Debug|Any CPU = Debug|Any CPU
		Release|Any CPU = Release|Any CPU
	EndGlobalSection
	GlobalSection(ProjectConfigurationPlatforms) = postSolution
		{500F53ED-439E-4A84-B58B-13BCB49F5DB3}.Debug|Any CPU.ActiveCfg = Debug|Any CPU
		{500F53ED-439E-4A84-B58B-13BCB49F5DB3}.Debug|Any CPU.Build.0 = Debug|Any CPU
		{500F53ED-439E-4A84-B58B-13BCB49F5DB3}.Release|Any CPU.ActiveCfg = Release|Any CPU
		{500F53ED-439E-4A84-B58B-13BCB49F5DB3}.Release|Any CPU.Build.0 = Release|Any CPU
	EndGlobalSection
	GlobalSection(SolutionProperties) = preSolution
		HideSolutionNode = FALSE
	EndGlobalSection
	GlobalSection(ExtensibilityGlobals) = postSolution
		SolutionGuid = {C4711361-B029-44AF-928D-D39D12604550}
	EndGlobalSection
EndGlobal
